
Microsoft Visual Studio Solution File, Format Version 12.00
# Visual Studio Version 17
VisualStudioVersion = 17.5.002.0
MinimumVisualStudioVersion = 10.0.40219.1
Project("{9A19103F-16F7-4668-BE54-9A1E7A4F7556}") = "UserApp", "UserApp.csproj", "{D226C6A7-C20A-4B19-B0B1-EC29B144CFF7}"
EndProject
Global
	GlobalSection(SolutionConfigurationPlatforms) = preSolution
		Debug|Any CPU = Debug|Any CPU
		Release|Any CPU = Release|Any CPU
	EndGlobalSection
	GlobalSection(ProjectConfigurationPlatforms) = postSolution
		{D226C6A7-C20A-4B19-B0B1-EC29B144CFF7}.Debug|Any CPU.ActiveCfg = Debug|Any CPU
		{D226C6A7-C20A-4B19-B0B1-EC29B144CFF7}.Debug|Any CPU.Build.0 = Debug|Any CPU
		{D226C6A7-C20A-4B19-B0B1-EC29B144CFF7}.Release|Any CPU.ActiveCfg = Release|Any CPU
		{D226C6A7-C20A-4B19-B0B1-EC29B144CFF7}.Release|Any CPU.Build.0 = Release|Any CPU
	EndGlobalSection
	GlobalSection(SolutionProperties) = preSolution
		HideSolutionNode = FALSE
	EndGlobalSection
	GlobalSection(ExtensibilityGlobals) = postSolution
		SolutionGuid = {016A52B8-8665-4B66-96C7-189A189BF137}
	EndGlobalSection
EndGlobal
